
Microsoft Visual Studio Solution File, Format Version 12.00
# Visual Studio Version 16
VisualStudioVersion = 16.0.29009.5
MinimumVisualStudioVersion = 10.0.40219.1
Project("{8BC9CEB8-8B4A-11D0-8D11-00A0C91BC942}") = "Renderer", "Renderer.vcxproj", "{493BD2E5-0BD7-41F8-B67C-367236D87231}"
	ProjectSection(ProjectDependencies) = postProject
		{371B9FA9-4C90-4AC6-A123-ACED756D6C77} = {371B9FA9-4C90-4AC6-A123-ACED756D6C77}
	EndProjectSection
EndProject
Project("{8BC9CEB8-8B4A-11D0-8D11-00A0C91BC942}") = "DirectXTex", "ext\DirectXTex\DirectXTex\DirectXTex_Desktop_2019_Win10.vcxproj", "{371B9FA9-4C90-4AC6-A123-ACED756D6C77}"
EndProject
Project("{8BC9CEB8-8B4A-11D0-8D11-00A0C91BC942}") = "Tetgen", "ext\tetgen\Tetgen.vcxproj", "{6F454B43-B609-43F7-A650-1B2011984C45}"
EndProject
Global
	GlobalSection(SolutionConfigurationPlatforms) = preSolution
		Debug|x64 = Debug|x64
		Debug|x86 = Debug|x86
		Profile|x64 = Profile|x64
		Profile|x86 = Profile|x86
		Release|x64 = Release|x64
		Release|x86 = Release|x86
	EndGlobalSection
	GlobalSection(ProjectConfigurationPlatforms) = postSolution
		{493BD2E5-0BD7-41F8-B67C-367236D87231}.Debug|x64.ActiveCfg = Debug|x64
		{493BD2E5-0BD7-41F8-B67C-367236D87231}.Debug|x64.Build.0 = Debug|x64
		{493BD2E5-0BD7-41F8-B67C-367236D87231}.Debug|x86.ActiveCfg = Debug|x64
		{493BD2E5-0BD7-41F8-B67C-367236D87231}.Profile|x64.ActiveCfg = Profile|x64
		{493BD2E5-0BD7-41F8-B67C-367236D87231}.Profile|x64.Build.0 = Profile|x64
		{493BD2E5-0BD7-41F8-B67C-367236D87231}.Profile|x86.ActiveCfg = Release|x64
		{493BD2E5-0BD7-41F8-B67C-367236D87231}.Profile|x86.Build.0 = Release|x64
		{493BD2E5-0BD7-41F8-B67C-367236D87231}.Release|x64.ActiveCfg = Release|x64
		{493BD2E5-0BD7-41F8-B67C-367236D87231}.Release|x64.Build.0 = Release|x64
		{493BD2E5-0BD7-41F8-B67C-367236D87231}.Release|x86.ActiveCfg = Release|x64
		{371B9FA9-4C90-4AC6-A123-ACED756D6C77}.Debug|x64.ActiveCfg = Debug|x64
		{371B9FA9-4C90-4AC6-A123-ACED756D6C77}.Debug|x64.Build.0 = Debug|x64
		{371B9FA9-4C90-4AC6-A123-ACED756D6C77}.Debug|x86.ActiveCfg = Debug|Win32
		{371B9FA9-4C90-4AC6-A123-ACED756D6C77}.Debug|x86.Build.0 = Debug|Win32
		{371B9FA9-4C90-4AC6-A123-ACED756D6C77}.Profile|x64.ActiveCfg = Profile|x64
		{371B9FA9-4C90-4AC6-A123-ACED756D6C77}.Profile|x64.Build.0 = Profile|x64
		{371B9FA9-4C90-4AC6-A123-ACED756D6C77}.Profile|x86.ActiveCfg = Profile|Win32
		{371B9FA9-4C90-4AC6-A123-ACED756D6C77}.Profile|x86.Build.0 = Profile|Win32
		{371B9FA9-4C90-4AC6-A123-ACED756D6C77}.Release|x64.ActiveCfg = Release|x64
		{371B9FA9-4C90-4AC6-A123-ACED756D6C77}.Release|x64.Build.0 = Release|x64
		{371B9FA9-4C90-4AC6-A123-ACED756D6C77}.Release|x86.ActiveCfg = Release|Win32
		{371B9FA9-4C90-4AC6-A123-ACED756D6C77}.Release|x86.Build.0 = Release|Win32
		{6F454B43-B609-43F7-A650-1B2011984C45}.Debug|x64.ActiveCfg = Debug|x64
		{6F454B43-B609-43F7-A650-1B2011984C45}.Debug|x64.Build.0 = Debug|x64
		{6F454B43-B609-43F7-A650-1B2011984C45}.Debug|x86.ActiveCfg = Debug|Win32
		{6F454B43-B609-43F7-A650-1B2011984C45}.Debug|x86.Build.0 = Debug|Win32
		{6F454B43-B609-43F7-A650-1B2011984C45}.Profile|x64.ActiveCfg = Release|x64
		{6F454B43-B609-43F7-A650-1B2011984C45}.Profile|x64.Build.0 = Release|x64
		{6F454B43-B609-43F7-A650-1B2011984C45}.Profile|x86.ActiveCfg = Release|Win32
		{6F454B43-B609-43F7-A650-1B2011984C45}.Profile|x86.Build.0 = Release|Win32
		{6F454B43-B609-43F7-A650-1B2011984C45}.Release|x64.ActiveCfg = Release|x64
		{6F454B43-B609-43F7-A650-1B2011984C45}.Release|x64.Build.0 = Release|x64
		{6F454B43-B609-43F7-A650-1B2011984C45}.Release|x86.ActiveCfg = Release|Win32
		{6F454B43-B609-43F7-A650-1B2011984C45}.Release|x86.Build.0 = Release|Win32
	EndGlobalSection
	GlobalSection(SolutionProperties) = preSolution
		HideSolutionNode = FALSE
	EndGlobalSection
	GlobalSection(ExtensibilityGlobals) = postSolution
		SolutionGuid = {F9FE1D76-2C3B-4CDA-B520-DC5E03A54F53}
	EndGlobalSection
EndGlobal
