<?xml version="1.0" encoding="utf-8"?>
<Project ToolsVersion="4.0" xmlns="http://schemas.microsoft.com/developer/msbuild/2003">
  <ItemGroup>
    <Filter Include="Source Files">
      <UniqueIdentifier>{4FC737F1-C7A5-4376-A066-2A32D752A2FF}</UniqueIdentifier>
      <Extensions>cpp;c;cc;cxx;def;odl;idl;hpj;bat;asm;asmx</Extensions>
    </Filter>
    <Filter Include="Header Files">
      <UniqueIdentifier>{93995380-89BD-4b04-88EB-625FBE52EBFB}</UniqueIdentifier>
      <Extensions>h;hh;hpp;hxx;hm;inl;inc;ipp;xsd</Extensions>
    </Filter>
    <Filter Include="Resource Files">
      <UniqueIdentifier>{67DA6AB6-F800-4c08-8B7A-83BB121AAD01}</UniqueIdentifier>
      <Extensions>rc;ico;cur;bmp;dlg;rc2;rct;bin;rgs;gif;jpg;jpeg;jpe;resx;tiff;tif;png;wav;mfcribbon-ms</Extensions>
    </Filter>
  </ItemGroup>
  <ItemGroup>
    <ClCompile Include="src\main.cpp">
      <Filter>Source Files</Filter>
    </ClCompile>
    <ClCompile Include="src\command_queue.cpp">
      <Filter>Source Files</Filter>
    </ClCompile>
    <ClCompile Include="src\window.cpp">
      <Filter>Source Files</Filter>
    </ClCompile>
    <ClCompile Include="src\game.cpp">
      <Filter>Source Files</Filter>
    </ClCompile>
    <ClCompile Include="src\upload_buffer.cpp">
      <Filter>Source Files</Filter>
    </ClCompile>
    <ClCompile Include="src\command_list.cpp">
      <Filter>Source Files</Filter>
    </ClCompile>
    <ClCompile Include="src\resource_state_tracker.cpp">
      <Filter>Source Files</Filter>
    </ClCompile>
    <ClCompile Include="src\resource.cpp">
      <Filter>Source Files</Filter>
    </ClCompile>
    <ClCompile Include="src\root_signature.cpp">
      <Filter>Source Files</Filter>
    </ClCompile>
    <ClCompile Include="src\generate_mips.cpp">
      <Filter>Source Files</Filter>
    </ClCompile>
    <ClCompile Include="src\dynamic_descriptor_heap.cpp">
      <Filter>Source Files</Filter>
    </ClCompile>
    <ClCompile Include="src\descriptor_allocator.cpp">
      <Filter>Source Files</Filter>
    </ClCompile>
    <ClCompile Include="src\pch.cpp">
      <Filter>Source Files</Filter>
    </ClCompile>
    <ClCompile Include="src\texture.cpp">
      <Filter>Source Files</Filter>
    </ClCompile>
    <ClCompile Include="src\math.cpp">
      <Filter>Source Files</Filter>
    </ClCompile>
    <ClCompile Include="src\brdf.cpp">
      <Filter>Source Files</Filter>
    </ClCompile>
    <ClCompile Include="src\render_target.cpp">
      <Filter>Source Files</Filter>
    </ClCompile>
    <ClCompile Include="src\graphics.cpp">
      <Filter>Source Files</Filter>
    </ClCompile>
    <ClCompile Include="src\font.cpp">
      <Filter>Source Files</Filter>
    </ClCompile>
    <ClCompile Include="src\debug_gui.cpp">
      <Filter>Source Files</Filter>
    </ClCompile>
    <ClCompile Include="src\buffer.cpp">
      <Filter>Source Files</Filter>
    </ClCompile>
    <ClCompile Include="src\sky.cpp">
      <Filter>Source Files</Filter>
    </ClCompile>
    <ClCompile Include="src\present.cpp">
      <Filter>Source Files</Filter>
    </ClCompile>
    <ClCompile Include="src\profiling.cpp">
      <Filter>Source Files</Filter>
    </ClCompile>
    <ClCompile Include="src\lighting.cpp">
      <Filter>Source Files</Filter>
    </ClCompile>
  </ItemGroup>
  <ItemGroup>
    <ClInclude Include="src\common.h">
      <Filter>Header Files</Filter>
    </ClInclude>
    <ClInclude Include="src\command_queue.h">
      <Filter>Header Files</Filter>
    </ClInclude>
    <ClInclude Include="src\error.h">
      <Filter>Header Files</Filter>
    </ClInclude>
    <ClInclude Include="src\window.h">
      <Filter>Header Files</Filter>
    </ClInclude>
    <ClInclude Include="src\game.h">
      <Filter>Header Files</Filter>
    </ClInclude>
    <ClInclude Include="src\upload_buffer.h">
      <Filter>Header Files</Filter>
    </ClInclude>
    <ClInclude Include="src\resource_state_tracker.h">
      <Filter>Header Files</Filter>
    </ClInclude>
    <ClInclude Include="src\command_list.h">
      <Filter>Header Files</Filter>
    </ClInclude>
    <ClInclude Include="src\thread_safe_queue.h">
      <Filter>Header Files</Filter>
    </ClInclude>
    <ClInclude Include="src\thread_safe_vector.h">
      <Filter>Header Files</Filter>
    </ClInclude>
    <ClInclude Include="src\math.h">
      <Filter>Header Files</Filter>
    </ClInclude>
    <ClInclude Include="src\resource.h">
      <Filter>Header Files</Filter>
    </ClInclude>
    <ClInclude Include="src\generate_mips.h">
      <Filter>Header Files</Filter>
    </ClInclude>
    <ClInclude Include="src\root_signature.h">
      <Filter>Header Files</Filter>
    </ClInclude>
    <ClInclude Include="src\dynamic_descriptor_heap.h">
      <Filter>Header Files</Filter>
    </ClInclude>
    <ClInclude Include="src\descriptor_allocator.h">
      <Filter>Header Files</Filter>
    </ClInclude>
    <ClInclude Include="src\model.h">
      <Filter>Header Files</Filter>
    </ClInclude>
    <ClInclude Include="src\pch.h">
      <Filter>Header Files</Filter>
    </ClInclude>
    <ClInclude Include="src\texture.h">
      <Filter>Header Files</Filter>
    </ClInclude>
    <ClInclude Include="src\buffer.h">
      <Filter>Header Files</Filter>
    </ClInclude>
    <ClInclude Include="src\camera.h">
      <Filter>Header Files</Filter>
    </ClInclude>
    <ClInclude Include="src\brdf.h">
      <Filter>Header Files</Filter>
    </ClInclude>
    <ClInclude Include="src\render_target.h">
      <Filter>Header Files</Filter>
    </ClInclude>
    <ClInclude Include="src\graphics.h">
      <Filter>Header Files</Filter>
    </ClInclude>
    <ClInclude Include="src\material.h">
      <Filter>Header Files</Filter>
    </ClInclude>
    <ClInclude Include="src\platform.h">
      <Filter>Header Files</Filter>
    </ClInclude>
    <ClInclude Include="src\input.h">
      <Filter>Header Files</Filter>
    </ClInclude>
    <ClInclude Include="src\font.h">
      <Filter>Header Files</Filter>
    </ClInclude>
    <ClInclude Include="src\debug_gui.h">
      <Filter>Header Files</Filter>
    </ClInclude>
    <ClInclude Include="src\color.h">
      <Filter>Header Files</Filter>
    </ClInclude>
    <ClInclude Include="shaders\inc\camera.h">
      <Filter>Header Files</Filter>
    </ClInclude>
    <ClInclude Include="shaders\inc\material.h">
      <Filter>Header Files</Filter>
    </ClInclude>
    <ClInclude Include="shaders\inc\normals.h">
      <Filter>Header Files</Filter>
    </ClInclude>
    <ClInclude Include="shaders\inc\quaternion.h">
      <Filter>Header Files</Filter>
    </ClInclude>
    <ClInclude Include="shaders\inc\pbr.h">
      <Filter>Header Files</Filter>
    </ClInclude>
    <ClInclude Include="src\sky.h">
      <Filter>Header Files</Filter>
    </ClInclude>
    <ClInclude Include="src\present.h">
      <Filter>Header Files</Filter>
    </ClInclude>
    <ClInclude Include="src\lighting.h">
      <Filter>Header Files</Filter>
    </ClInclude>
    <ClInclude Include="src\aligned_allocator.h">
      <Filter>Header Files</Filter>
    </ClInclude>
    <ClInclude Include="src\profiling.h">
      <Filter>Header Files</Filter>
    </ClInclude>
  </ItemGroup>
  <ItemGroup>
    <FxCompile Include="shaders\generate_mips.hlsl" />
    <FxCompile Include="shaders\equirectangular_to_cubemap.hlsl" />
    <FxCompile Include="shaders\sky_vs.hlsl" />
    <FxCompile Include="shaders\sky_ps.hlsl" />
    <FxCompile Include="shaders\cubemap_to_irradiance.hlsl" />
    <FxCompile Include="shaders\prefilter_environment.hlsl" />
    <FxCompile Include="shaders\integrate_brdf.hlsl" />
    <FxCompile Include="shaders\present_ps.hlsl" />
    <FxCompile Include="shaders\fullscreen_triangle_vs.hlsl" />
    <FxCompile Include="shaders\font_ps.hlsl" />
    <FxCompile Include="shaders\font_vs.hlsl" />
    <FxCompile Include="shaders\flat_2d_ps.hlsl" />
    <FxCompile Include="shaders\flat_2d_vs.hlsl" />
    <FxCompile Include="shaders\geometry_indirect_vs.hlsl" />
    <FxCompile Include="shaders\geometry_indirect_deferred_ps.hlsl" />
    <FxCompile Include="shaders\lighting_deferred_ps.hlsl" />
    <FxCompile Include="shaders\geometry_indirect_forward_ps.hlsl" />
    <FxCompile Include="shaders\light_culling.hlsl" />
    <FxCompile Include="shaders\cubemap_to_sh.hlsl" />
  </ItemGroup>
  <ItemGroup>
    <None Include="packages.config" />
  </ItemGroup>
</Project>